<?xml version="1.0" encoding="utf-8"?>
<Project ToolsVersion="4.0" xmlns="http://schemas.microsoft.com/developer/msbuild/2003">
  <ItemGroup>
    <Filter Include="Source Files">
      <UniqueIdentifier>{4FC737F1-C7A5-4376-A066-2A32D752A2FF}</UniqueIdentifier>
      <Extensions>cpp;cxx;c;def</Extensions>
    </Filter>
    <Filter Include="Header Files">
      <UniqueIdentifier>{93995380-89BD-4b04-88EB-625FBE52EBFB}</UniqueIdentifier>
      <Extensions>h</Extensions>
    </Filter>
    <Filter Include="Form Files">
      <UniqueIdentifier>{99349809-55BA-4b9d-BF79-8FDBB0286EB3}</UniqueIdentifier>
      <Extensions>ui</Extensions>
    </Filter>
    <Filter Include="Resource Files">
      <UniqueIdentifier>{D9D6E242-F8AF-46E4-B9FD-80ECBC20BA3E}</UniqueIdentifier>
      <Extensions>qrc;*</Extensions>
      <ParseFiles>false</ParseFiles>
    </Filter>
    <Filter Include="Generated Files">
      <UniqueIdentifier>{71ED8ED8-ACB9-4CE9-BBE1-E00B30144E11}</UniqueIdentifier>
      <Extensions>moc;h;cpp</Extensions>
      <SourceControlFiles>False</SourceControlFiles>
    </Filter>
    <Filter Include="Generated Files\Debug">
      <UniqueIdentifier>{9aad6c91-9917-4832-892a-01bd8921e792}</UniqueIdentifier>
      <Extensions>cpp;moc</Extensions>
      <SourceControlFiles>False</SourceControlFiles>
    </Filter>
    <Filter Include="Generated Files\Release">
      <UniqueIdentifier>{210a5e6a-fa6d-4bac-9010-831c19e628c1}</UniqueIdentifier>
      <Extensions>cpp;moc</Extensions>
      <SourceControlFiles>False</SourceControlFiles>
    </Filter>
    <Filter Include="GA">
      <UniqueIdentifier>{3caa406d-4c99-4977-8cff-bdbd88f61852}</UniqueIdentifier>
    </Filter>
  </ItemGroup>
  <ItemGroup>
    <ClCompile Include="main.cpp">
      <Filter>Source Files</Filter>
    </ClCompile>
    <ClCompile Include="meshprint.cpp">
      <Filter>Source Files</Filter>
    </ClCompile>
    <ClCompile Include="GeneratedFiles\Debug\moc_meshprint.cpp">
      <Filter>Generated Files\Debug</Filter>
    </ClCompile>
    <ClCompile Include="GeneratedFiles\Release\moc_meshprint.cpp">
      <Filter>Generated Files\Release</Filter>
    </ClCompile>
    <ClCompile Include="GeneratedFiles\qrc_meshprint.cpp">
      <Filter>Generated Files</Filter>
    </ClCompile>
    <ClCompile Include="GeneratedFiles\Debug\moc_renderingwidget.cpp">
      <Filter>Generated Files\Debug</Filter>
    </ClCompile>
    <ClCompile Include="GeneratedFiles\Release\moc_renderingwidget.cpp">
      <Filter>Generated Files\Release</Filter>
    </ClCompile>
    <ClCompile Include="globalFunctions.cpp">
      <Filter>Source Files</Filter>
    </ClCompile>
    <ClCompile Include="renderingwidget.cpp">
      <Filter>Source Files</Filter>
    </ClCompile>
    <ClCompile Include="SliceCut.cpp">
      <Filter>Source Files</Filter>
    </ClCompile>
    <ClCompile Include="HE_mesh\Mesh3D.cpp">
      <Filter>Source Files</Filter>
    </ClCompile>
    <ClCompile Include="PSO\pso.cpp">
      <Filter>Source Files</Filter>
    </ClCompile>
    <ClCompile Include="Support.cpp">
      <Filter>Source Files</Filter>
    </ClCompile>
    <ClCompile Include="Library\clipper.cpp">
      <Filter>Source Files</Filter>
    </ClCompile>
    <ClCompile Include="Library\ArcBall.cpp">
      <Filter>Source Files</Filter>
    </ClCompile>
    <ClCompile Include="Library\MSAABB.cpp">
      <Filter>Source Files</Filter>
    </ClCompile>
    <ClCompile Include="Library\Polygon.cpp">
      <Filter>Source Files</Filter>
    </ClCompile>
    <ClCompile Include="Library\Octree.cpp">
      <Filter>Source Files</Filter>
    </ClCompile>
    <ClCompile Include="Sweep.cpp">
      <Filter>Source Files</Filter>
    </ClCompile>
    <ClCompile Include="cylinder.cpp">
      <Filter>Source Files</Filter>
    </ClCompile>
    <ClCompile Include="Library\space2dKDTree.cpp">
      <Filter>Source Files</Filter>
    </ClCompile>
    <ClCompile Include="ga\GASimpleGA.cpp">
      <Filter>GA</Filter>
    </ClCompile>
    <ClCompile Include="ga\GA1DArrayGenome.cpp">
      <Filter>GA</Filter>
    </ClCompile>
    <ClCompile Include="ga\GA1DBinStrGenome.cpp">
      <Filter>GA</Filter>
    </ClCompile>
    <ClCompile Include="ga\GA2DArrayGenome.cpp">
      <Filter>GA</Filter>
    </ClCompile>
    <ClCompile Include="ga\GA2DBinStrGenome.cpp">
      <Filter>GA</Filter>
    </ClCompile>
    <ClCompile Include="ga\GA3DArrayGenome.cpp">
      <Filter>GA</Filter>
    </ClCompile>
    <ClCompile Include="ga\GA3DBinStrGenome.cpp">
      <Filter>GA</Filter>
    </ClCompile>
    <ClCompile Include="ga\GAAllele.cpp">
      <Filter>GA</Filter>
    </ClCompile>
    <ClCompile Include="ga\GABaseGA.cpp">
      <Filter>GA</Filter>
    </ClCompile>
    <ClCompile Include="ga\GABin2DecGenome.cpp">
      <Filter>GA</Filter>
    </ClCompile>
    <ClCompile Include="ga\gabincvt.cpp">
      <Filter>GA</Filter>
    </ClCompile>
    <ClCompile Include="ga\GABinStr.cpp">
      <Filter>GA</Filter>
    </ClCompile>
    <ClCompile Include="ga\GADCrowdingGA.cpp">
      <Filter>GA</Filter>
    </ClCompile>
    <ClCompile Include="ga\GADemeGA.cpp">
      <Filter>GA</Filter>
    </ClCompile>
    <ClCompile Include="ga\gaerror.cpp">
      <Filter>GA</Filter>
    </ClCompile>
    <ClCompile Include="ga\GAGenome.cpp">
      <Filter>GA</Filter>
    </ClCompile>
    <ClCompile Include="ga\GAIncGA.cpp">
      <Filter>GA</Filter>
    </ClCompile>
    <ClCompile Include="ga\GAList.cpp">
      <Filter>GA</Filter>
    </ClCompile>
    <ClCompile Include="ga\GAListBASE.cpp">
      <Filter>GA</Filter>
    </ClCompile>
    <ClCompile Include="ga\GAListGenome.cpp">
      <Filter>GA</Filter>
    </ClCompile>
    <ClCompile Include="ga\GAParameter.cpp">
      <Filter>GA</Filter>
    </ClCompile>
    <ClCompile Include="ga\GAPopulation.cpp">
      <Filter>GA</Filter>
    </ClCompile>
    <ClCompile Include="ga\garandom.cpp">
      <Filter>GA</Filter>
    </ClCompile>
    <ClCompile Include="ga\GARealGenome.cpp">
      <Filter>GA</Filter>
    </ClCompile>
    <ClCompile Include="ga\GAScaling.cpp">
      <Filter>GA</Filter>
    </ClCompile>
    <ClCompile Include="ga\GASelector.cpp">
      <Filter>GA</Filter>
    </ClCompile>
    <ClCompile Include="ga\GASStateGA.cpp">
      <Filter>GA</Filter>
    </ClCompile>
    <ClCompile Include="ga\GAStatistics.cpp">
      <Filter>GA</Filter>
    </ClCompile>
    <ClCompile Include="ga\GAStringGenome.cpp">
      <Filter>GA</Filter>
    </ClCompile>
    <ClCompile Include="ga\GATree.cpp">
      <Filter>GA</Filter>
    </ClCompile>
    <ClCompile Include="ga\GATreeBASE.cpp">
      <Filter>GA</Filter>
    </ClCompile>
    <ClCompile Include="ga\GATreeGenome.cpp">
      <Filter>GA</Filter>
    </ClCompile>
  </ItemGroup>
  <ItemGroup>
    <CustomBuild Include="meshprint.h">
      <Filter>Header Files</Filter>
    </CustomBuild>
    <CustomBuild Include="meshprint.ui">
      <Filter>Form Files</Filter>
    </CustomBuild>
    <CustomBuild Include="meshprint.qrc">
      <Filter>Resource Files</Filter>
    </CustomBuild>
    <CustomBuild Include="renderingwidget.h">
      <Filter>Header Files</Filter>
    </CustomBuild>
  </ItemGroup>
  <ItemGroup>
    <ClInclude Include="GeneratedFiles\ui_meshprint.h">
      <Filter>Generated Files</Filter>
    </ClInclude>
    <ClInclude Include="globalFunctions.h">
      <Filter>Header Files</Filter>
    </ClInclude>
    <ClInclude Include="Hatch.h">
      <Filter>Header Files</Filter>
    </ClInclude>
    <ClInclude Include="matrix.h">
      <Filter>Header Files</Filter>
    </ClInclude>
    <ClInclude Include="openGLProjector.h">
      <Filter>Header Files</Filter>
    </ClInclude>
    <ClInclude Include="SliceCut.h">
      <Filter>Header Files</Filter>
    </ClInclude>
    <ClInclude Include="HE_mesh\Mesh3D.h">
      <Filter>Header Files</Filter>
    </ClInclude>
    <ClInclude Include="HE_mesh\Vec.h">
      <Filter>Header Files</Filter>
    </ClInclude>
    <ClInclude Include="Cutline.h">
      <Filter>Header Files</Filter>
    </ClInclude>
    <ClInclude Include="Triangle.h">
      <Filter>Header Files</Filter>
    </ClInclude>
    <ClInclude Include="PSO\pso.h">
      <Filter>Header Files</Filter>
    </ClInclude>
    <ClInclude Include="Support.h">
      <Filter>Header Files</Filter>
    </ClInclude>
    <ClInclude Include="Library\clipper.hpp">
      <Filter>Header Files</Filter>
    </ClInclude>
    <ClInclude Include="Library\ArcBall.h">
      <Filter>Header Files</Filter>
    </ClInclude>
    <ClInclude Include="Library\MSAABB.h">
      <Filter>Header Files</Filter>
    </ClInclude>
    <ClInclude Include="Library\Octree.h">
      <Filter>Header Files</Filter>
    </ClInclude>
    <ClInclude Include="Library\Polygon.h">
      <Filter>Header Files</Filter>
    </ClInclude>
    <ClInclude Include="Sweep.h">
      <Filter>Header Files</Filter>
    </ClInclude>
    <ClInclude Include="cylinder.h">
      <Filter>Header Files</Filter>
    </ClInclude>
    <ClInclude Include="Library\IntervalTree.h">
      <Filter>Header Files</Filter>
    </ClInclude>
    <ClInclude Include="Library\space2dKDTree.h">
      <Filter>Header Files</Filter>
    </ClInclude>
    <ClInclude Include="ga\GASimpleGA.h">
      <Filter>GA</Filter>
    </ClInclude>
    <ClInclude Include="ga\garandom.h">
      <Filter>GA</Filter>
    </ClInclude>
    <ClInclude Include="ga\ga.h">
      <Filter>GA</Filter>
    </ClInclude>
    <ClInclude Include="ga\GA1DArrayGenome.h">
      <Filter>GA</Filter>
    </ClInclude>
    <ClInclude Include="ga\GA1DBinStrGenome.h">
      <Filter>GA</Filter>
    </ClInclude>
    <ClInclude Include="ga\GA2DArrayGenome.h">
      <Filter>GA</Filter>
    </ClInclude>
    <ClInclude Include="ga\GA2DBinStrGenome.h">
      <Filter>GA</Filter>
    </ClInclude>
    <ClInclude Include="ga\GA3DArrayGenome.h">
      <Filter>GA</Filter>
    </ClInclude>
    <ClInclude Include="ga\GA3DBinStrGenome.h">
      <Filter>GA</Filter>
    </ClInclude>
    <ClInclude Include="ga\GAAllele.h">
      <Filter>GA</Filter>
    </ClInclude>
    <ClInclude Include="ga\GAArray.h">
      <Filter>GA</Filter>
    </ClInclude>
    <ClInclude Include="ga\GABaseGA.h">
      <Filter>GA</Filter>
    </ClInclude>
    <ClInclude Include="ga\GABin2DecGenome.h">
      <Filter>GA</Filter>
    </ClInclude>
    <ClInclude Include="ga\gabincvt.h">
      <Filter>GA</Filter>
    </ClInclude>
    <ClInclude Include="ga\GABinStr.h">
      <Filter>GA</Filter>
    </ClInclude>
    <ClInclude Include="ga\gaconfig.h">
      <Filter>GA</Filter>
    </ClInclude>
    <ClInclude Include="ga\GADCrowdingGA.h">
      <Filter>GA</Filter>
    </ClInclude>
    <ClInclude Include="ga\GADemeGA.h">
      <Filter>GA</Filter>
    </ClInclude>
    <ClInclude Include="ga\gaerror.h">
      <Filter>GA</Filter>
    </ClInclude>
    <ClInclude Include="ga\GAEvalData.h">
      <Filter>GA</Filter>
    </ClInclude>
    <ClInclude Include="ga\GAGenome.h">
      <Filter>GA</Filter>
    </ClInclude>
    <ClInclude Include="ga\gaid.h">
      <Filter>GA</Filter>
    </ClInclude>
    <ClInclude Include="ga\GAIncGA.h">
      <Filter>GA</Filter>
    </ClInclude>
    <ClInclude Include="ga\GAList.h">
      <Filter>GA</Filter>
    </ClInclude>
    <ClInclude Include="ga\GAListBASE.h">
      <Filter>GA</Filter>
    </ClInclude>
    <ClInclude Include="ga\GAListGenome.h">
      <Filter>GA</Filter>
    </ClInclude>
    <ClInclude Include="ga\GAMask.h">
      <Filter>GA</Filter>
    </ClInclude>
    <ClInclude Include="ga\GANode.h">
      <Filter>GA</Filter>
    </ClInclude>
    <ClInclude Include="ga\GAParameter.h">
      <Filter>GA</Filter>
    </ClInclude>
    <ClInclude Include="ga\GAPopulation.h">
      <Filter>GA</Filter>
    </ClInclude>
    <ClInclude Include="ga\GARealGenome.h">
      <Filter>GA</Filter>
    </ClInclude>
    <ClInclude Include="ga\GAScaling.h">
      <Filter>GA</Filter>
    </ClInclude>
    <ClInclude Include="ga\GASelector.h">
      <Filter>GA</Filter>
    </ClInclude>
    <ClInclude Include="ga\GASStateGA.h">
      <Filter>GA</Filter>
    </ClInclude>
    <ClInclude Include="ga\GAStatistics.h">
      <Filter>GA</Filter>
    </ClInclude>
    <ClInclude Include="ga\GAStringGenome.h">
      <Filter>GA</Filter>
    </ClInclude>
    <ClInclude Include="ga\GATree.h">
      <Filter>GA</Filter>
    </ClInclude>
    <ClInclude Include="ga\GATreeBASE.h">
      <Filter>GA</Filter>
    </ClInclude>
    <ClInclude Include="ga\GATreeGenome.h">
      <Filter>GA</Filter>
    </ClInclude>
    <ClInclude Include="ga\gatypes.h">
      <Filter>GA</Filter>
    </ClInclude>
    <ClInclude Include="ga\gaversion.h">
      <Filter>GA</Filter>
    </ClInclude>
    <ClInclude Include="ga\std_stream.h">
      <Filter>GA</Filter>
    </ClInclude>
  </ItemGroup>
  <ItemGroup>
    <None Include="README.md" />
  </ItemGroup>
</Project>